
Microsoft Visual Studio Solution File, Format Version 12.00
# Visual Studio 15
Project("{FAE04EC0-301F-11D3-BF4B-00C04F79EFBC}") = "Assembly-CSharp", "Assembly-CSharp.csproj", "{88DD4110-2E06-CA49-2683-FCFE6D7CF1D9}"
EndProject
Project("{FAE04EC0-301F-11D3-BF4B-00C04F79EFBC}") = "Assembly-CSharp-Editor", "Assembly-CSharp-Editor.csproj", "{93E73AD2-928B-433B-F6AF-547B72B53340}"
EndProject
Global
	GlobalSection(SolutionConfigurationPlatforms) = preSolution
		Debug|Any CPU = Debug|Any CPU
		Release|Any CPU = Release|Any CPU
	EndGlobalSection
	GlobalSection(ProjectConfigurationPlatforms) = postSolution
		{88DD4110-2E06-CA49-2683-FCFE6D7CF1D9}.Debug|Any CPU.ActiveCfg = Debug|Any CPU
		{88DD4110-2E06-CA49-2683-FCFE6D7CF1D9}.Debug|Any CPU.Build.0 = Debug|Any CPU
		{88DD4110-2E06-CA49-2683-FCFE6D7CF1D9}.Release|Any CPU.ActiveCfg = Release|Any CPU
		{88DD4110-2E06-CA49-2683-FCFE6D7CF1D9}.Release|Any CPU.Build.0 = Release|Any CPU
		{93E73AD2-928B-433B-F6AF-547B72B53340}.Debug|Any CPU.ActiveCfg = Debug|Any CPU
		{93E73AD2-928B-433B-F6AF-547B72B53340}.Debug|Any CPU.Build.0 = Debug|Any CPU
		{93E73AD2-928B-433B-F6AF-547B72B53340}.Release|Any CPU.ActiveCfg = Release|Any CPU
		{93E73AD2-928B-433B-F6AF-547B72B53340}.Release|Any CPU.Build.0 = Release|Any CPU
	EndGlobalSection
	GlobalSection(SolutionProperties) = preSolution
		HideSolutionNode = FALSE
	EndGlobalSection
EndGlobal
